
Microsoft Visual Studio Solution File, Format Version 12.00
# Visual Studio Version 16
VisualStudioVersion = 16.0.29519.87
MinimumVisualStudioVersion = 10.0.40219.1
Project("{FAE04EC0-301F-11D3-BF4B-00C04F79EFBC}") = "idealistaScraper", "idealistaScraper\idealistaScraper.csproj", "{30E0DA3D-59B4-409C-800C-CCF168289336}"
EndProject
Global
	GlobalSection(SolutionConfigurationPlatforms) = preSolution
		Debug|Any CPU = Debug|Any CPU
		Release|Any CPU = Release|Any CPU
	EndGlobalSection
	GlobalSection(ProjectConfigurationPlatforms) = postSolution
		{30E0DA3D-59B4-409C-800C-CCF168289336}.Debug|Any CPU.ActiveCfg = Debug|Any CPU
		{30E0DA3D-59B4-409C-800C-CCF168289336}.Debug|Any CPU.Build.0 = Debug|Any CPU
		{30E0DA3D-59B4-409C-800C-CCF168289336}.Release|Any CPU.ActiveCfg = Release|Any CPU
		{30E0DA3D-59B4-409C-800C-CCF168289336}.Release|Any CPU.Build.0 = Release|Any CPU
	EndGlobalSection
	GlobalSection(SolutionProperties) = preSolution
		HideSolutionNode = FALSE
	EndGlobalSection
	GlobalSection(ExtensibilityGlobals) = postSolution
		SolutionGuid = {567CF7B1-DA0B-490B-8839-A01D569C85B4}
	EndGlobalSection
EndGlobal
